
Microsoft Visual Studio Solution File, Format Version 12.00
# Visual Studio Version 17
VisualStudioVersion = 17.10.35122.118
MinimumVisualStudioVersion = 10.0.40219.1
Project("{9A19103F-16F7-4668-BE54-9A1E7A4F7556}") = "NLayer.Core", "NLayer.Core\NLayer.Core.csproj", "{0DD826B9-CB50-4528-AEFA-4EAA9DEFA85E}"
EndProject
Project("{9A19103F-16F7-4668-BE54-9A1E7A4F7556}") = "NLayer.Repository", "NLayer.Repository\NLayer.Repository.csproj", "{1B71AD9C-4EA3-47F4-A59D-396A7ADDA3A2}"
EndProject
Project("{9A19103F-16F7-4668-BE54-9A1E7A4F7556}") = "NLayer.Service", "NLayer.Service\NLayer.Service.csproj", "{80F3884D-6D55-47A3-BDAC-AF9276C2E3A8}"
EndProject
Project("{FAE04EC0-301F-11D3-BF4B-00C04F79EFBC}") = "NLayer.API", "NLayer.API\NLayer.API.csproj", "{1428A383-C15A-4661-8956-C1DFDDDD6A24}"
EndProject
Project("{9A19103F-16F7-4668-BE54-9A1E7A4F7556}") = "NLayer.Web", "NLayer.Web\NLayer.Web.csproj", "{0696A5D7-9630-4DE3-AB20-5EB0F28D87C5}"
EndProject
Project("{9A19103F-16F7-4668-BE54-9A1E7A4F7556}") = "NLayer.Caching", "NLayer.Caching\NLayer.Caching.csproj", "{A0A21006-8AFB-4714-A939-0EEA14012F89}"
EndProject
Project("{2150E333-8FDC-42A3-9474-1A3956D46DE8}") = "Solution Items", "Solution Items", "{0A409B17-16F4-41B1-B0F2-EAB6B3E153CC}"
	ProjectSection(SolutionItems) = preProject
		.editorconfig = .editorconfig
		Ports.txt = Ports.txt
	EndProjectSection
EndProject
Global
	GlobalSection(SolutionConfigurationPlatforms) = preSolution
		Debug|Any CPU = Debug|Any CPU
		Release|Any CPU = Release|Any CPU
	EndGlobalSection
	GlobalSection(ProjectConfigurationPlatforms) = postSolution
		{0DD826B9-CB50-4528-AEFA-4EAA9DEFA85E}.Debug|Any CPU.ActiveCfg = Debug|Any CPU
		{0DD826B9-CB50-4528-AEFA-4EAA9DEFA85E}.Debug|Any CPU.Build.0 = Debug|Any CPU
		{0DD826B9-CB50-4528-AEFA-4EAA9DEFA85E}.Release|Any CPU.ActiveCfg = Release|Any CPU
		{0DD826B9-CB50-4528-AEFA-4EAA9DEFA85E}.Release|Any CPU.Build.0 = Release|Any CPU
		{1B71AD9C-4EA3-47F4-A59D-396A7ADDA3A2}.Debug|Any CPU.ActiveCfg = Debug|Any CPU
		{1B71AD9C-4EA3-47F4-A59D-396A7ADDA3A2}.Debug|Any CPU.Build.0 = Debug|Any CPU
		{1B71AD9C-4EA3-47F4-A59D-396A7ADDA3A2}.Release|Any CPU.ActiveCfg = Release|Any CPU
		{1B71AD9C-4EA3-47F4-A59D-396A7ADDA3A2}.Release|Any CPU.Build.0 = Release|Any CPU
		{80F3884D-6D55-47A3-BDAC-AF9276C2E3A8}.Debug|Any CPU.ActiveCfg = Debug|Any CPU
		{80F3884D-6D55-47A3-BDAC-AF9276C2E3A8}.Debug|Any CPU.Build.0 = Debug|Any CPU
		{80F3884D-6D55-47A3-BDAC-AF9276C2E3A8}.Release|Any CPU.ActiveCfg = Release|Any CPU
		{80F3884D-6D55-47A3-BDAC-AF9276C2E3A8}.Release|Any CPU.Build.0 = Release|Any CPU
		{1428A383-C15A-4661-8956-C1DFDDDD6A24}.Debug|Any CPU.ActiveCfg = Debug|Any CPU
		{1428A383-C15A-4661-8956-C1DFDDDD6A24}.Debug|Any CPU.Build.0 = Debug|Any CPU
		{1428A383-C15A-4661-8956-C1DFDDDD6A24}.Release|Any CPU.ActiveCfg = Release|Any CPU
		{1428A383-C15A-4661-8956-C1DFDDDD6A24}.Release|Any CPU.Build.0 = Release|Any CPU
		{0696A5D7-9630-4DE3-AB20-5EB0F28D87C5}.Debug|Any CPU.ActiveCfg = Debug|Any CPU
		{0696A5D7-9630-4DE3-AB20-5EB0F28D87C5}.Debug|Any CPU.Build.0 = Debug|Any CPU
		{0696A5D7-9630-4DE3-AB20-5EB0F28D87C5}.Release|Any CPU.ActiveCfg = Release|Any CPU
		{0696A5D7-9630-4DE3-AB20-5EB0F28D87C5}.Release|Any CPU.Build.0 = Release|Any CPU
		{A0A21006-8AFB-4714-A939-0EEA14012F89}.Debug|Any CPU.ActiveCfg = Debug|Any CPU
		{A0A21006-8AFB-4714-A939-0EEA14012F89}.Debug|Any CPU.Build.0 = Debug|Any CPU
		{A0A21006-8AFB-4714-A939-0EEA14012F89}.Release|Any CPU.ActiveCfg = Release|Any CPU
		{A0A21006-8AFB-4714-A939-0EEA14012F89}.Release|Any CPU.Build.0 = Release|Any CPU
	EndGlobalSection
	GlobalSection(SolutionProperties) = preSolution
		HideSolutionNode = FALSE
	EndGlobalSection
	GlobalSection(ExtensibilityGlobals) = postSolution
		SolutionGuid = {3F853FBD-34D3-4487-B995-4742DF8EEFF2}
	EndGlobalSection
EndGlobal
